
Microsoft Visual Studio Solution File, Format Version 12.00
# Visual Studio Version 16
VisualStudioVersion = 16.0.29911.84
MinimumVisualStudioVersion = 10.0.40219.1
Project("{FAE04EC0-301F-11D3-BF4B-00C04F79EFBC}") = "OptimalMenuSelection", "OptimalMenuSelection\OptimalMenuSelection.csproj", "{B1F613D7-7E8E-4C9B-BB41-B63CE934BAF5}"
EndProject
Global
	GlobalSection(SolutionConfigurationPlatforms) = preSolution
		Debug|Any CPU = Debug|Any CPU
		Release|Any CPU = Release|Any CPU
	EndGlobalSection
	GlobalSection(ProjectConfigurationPlatforms) = postSolution
		{B1F613D7-7E8E-4C9B-BB41-B63CE934BAF5}.Debug|Any CPU.ActiveCfg = Debug|Any CPU
		{B1F613D7-7E8E-4C9B-BB41-B63CE934BAF5}.Debug|Any CPU.Build.0 = Debug|Any CPU
		{B1F613D7-7E8E-4C9B-BB41-B63CE934BAF5}.Release|Any CPU.ActiveCfg = Release|Any CPU
		{B1F613D7-7E8E-4C9B-BB41-B63CE934BAF5}.Release|Any CPU.Build.0 = Release|Any CPU
	EndGlobalSection
	GlobalSection(SolutionProperties) = preSolution
		HideSolutionNode = FALSE
	EndGlobalSection
	GlobalSection(ExtensibilityGlobals) = postSolution
		SolutionGuid = {8759551D-D7E8-47CB-84CA-1403A09F6319}
	EndGlobalSection
EndGlobal
